# This file is automatically @generated by Poetry 2.2.1 and should not be changed by hand.

[[package]]
name = "lzokay"
version = "1.1.8"
description = "Python bindings for LZ👌, a LZO compression/decompression algorithm."
optional = false
python-versions = ">=3.9"
groups = ["main"]
files = [
    {file = "lzokay-1.1.8-cp310-cp310-macosx_10_9_x86_64.whl", hash = "sha256:fd5b9e2765aadeeefb035d1419fe8da5e8508ed9fe1dd3cc458ebfc894343146"},
    {file = "lzokay-1.1.8-cp310-cp310-macosx_11_0_arm64.whl", hash = "sha256:955bb23177f9d0e3f0b2ae0aae0a4d7d3c945a0989892617f49ccd24d1e29a9d"},
    {file = "lzokay-1.1.8-cp310-cp310-manylinux_2_5_x86_64.manylinux1_x86_64.manylinux_2_17_x86_64.manylinux2014_x86_64.whl", hash = "sha256:f7032c287e146a3c50ef661d9e1df6a19323460ef5eff47875292cf538515c47"},
    {file = "lzokay-1.1.8-cp310-cp310-win_amd64.whl", hash = "sha256:d7042180572f32569c33b29feb2d45a9535157cd0ed9f2a9ebb0523ad0bb909d"},
    {file = "lzokay-1.1.8-cp311-cp311-macosx_10_9_x86_64.whl", hash = "sha256:50cab99d455c5ccb69d32802dd3ebceae38cf3b58f8733967e758ae55fed775a"},
    {file = "lzokay-1.1.8-cp311-cp311-macosx_11_0_arm64.whl", hash = "sha256:5334b5b733bab029e86ee53c52401a14c6cc83f352e66c2f19776860f827eb44"},
    {file = "lzokay-1.1.8-cp311-cp311-manylinux_2_5_x86_64.manylinux1_x86_64.manylinux_2_17_x86_64.manylinux2014_x86_64.whl", hash = "sha256:ec3ac74dd9ce8b583887bcf0aa9cc06a6d2dd15a8d536dc1fb9acd4901148558"},
    {file = "lzokay-1.1.8-cp311-cp311-win_amd64.whl", hash = "sha256:2ee1f56d456f1d299c0bedabe2de2e6c65107b59b53086ec73f5a548b201d68a"},
    {file = "lzokay-1.1.8-cp312-cp312-macosx_10_13_x86_64.whl", hash = "sha256:bad5af7265828c25a3435d996f51bd48ac6aa60b80d22ec950aeab0b447e012c"},
    {file = "lzokay-1.1.8-cp312-cp312-macosx_11_0_arm64.whl", hash = "sha256:ba7b8a2353bf68bbe569f96182ee8359f6652a4603cf660031b6e151aa7a4852"},
    {file = "lzokay-1.1.8-cp312-cp312-manylinux_2_5_x86_64.manylinux1_x86_64.manylinux_2_17_x86_64.manylinux2014_x86_64.whl", hash = "sha256:49a1068aa9c999248b9c23d6ccf36622af23eb8a24aae4b4009e54338364d6a9"},
    {file = "lzokay-1.1.8-cp312-cp312-win_amd64.whl", hash = "sha256:973f328a3125be4186817694f9854c00dd87519ee9b963945711729eec4ffb14"},
    {file = "lzokay-1.1.8-cp313-cp313-macosx_10_13_x86_64.whl", hash = "sha256:c28c17144f73c71c8db9ceb2355e43f5be2c70f5fa528dfe7aea10af6bce010a"},
    {file = "lzokay-1.1.8-cp313-cp313-macosx_11_0_arm64.whl", hash = "sha256:33774c8d026f691084f303ef7874c53c778d4b962b2585705dbf53975ecef588"},
    {file = "lzokay-1.1.8-cp313-cp313-manylinux_2_5_x86_64.manylinux1_x86_64.manylinux_2_17_x86_64.manylinux2014_x86_64.whl", hash = "sha256:6810e86f7808f7a05a4c6b298c3585b2816bb78b5abe5789d4fd7e9156240a00"},
    {file = "lzokay-1.1.8-cp313-cp313-win_amd64.whl", hash = "sha256:6d2ed0a9d5e1a5eb811492713549249e496bd8f9239e889a2d243ed296152aee"},
    {file = "lzokay-1.1.8-cp39-cp39-macosx_10_9_x86_64.whl", hash = "sha256:4dbc51c821b4403c13993104d8a1650279676f0f977f2f8b67fb1cf5900f7f49"},
    {file = "lzokay-1.1.8-cp39-cp39-macosx_11_0_arm64.whl", hash = "sha256:c671ed269c43f0f97b97a9f667b1f3d720097102ad4bf367a5d873d59113a38c"},
    {file = "lzokay-1.1.8-cp39-cp39-manylinux_2_5_x86_64.manylinux1_x86_64.manylinux_2_17_x86_64.manylinux2014_x86_64.whl", hash = "sha256:670ba4958e433f07ff759bb58d5942d37acefead2813b5174bdcd9f996fa80c2"},
    {file = "lzokay-1.1.8-cp39-cp39-win_amd64.whl", hash = "sha256:15bdbb4bf44e84e540eac120bb21b82d4eedc25df4210baa2cb4eb9917fa66ff"},
    {file = "lzokay-1.1.8.tar.gz", hash = "sha256:2a503ad7fd4b6989ac2da008fc7afcfcce3f9e1d6eddcaf3625c340907063512"},
]

[package.extras]
test = ["pytest", "pytest-cov"]

[[package]]
name = "mobase-stubs"
version = "2.5.2"
description = "PEP561 stub files for the mobase Python API."
optional = false
python-versions = "<4.0,>=3.12"
groups = ["dev"]
files = [
    {file = "mobase_stubs-2.5.2-py3-none-any.whl", hash = "sha256:6a2c1c95494e7dc0d0f51d4f8f178423c0d9904f823f3c44845315bff304b948"},
    {file = "mobase_stubs-2.5.2.tar.gz", hash = "sha256:70c15579828df3bce01746e51fee07176390cdc386facea2b156ea04b3de055c"},
]

[[package]]
name = "nodeenv"
version = "1.9.1"
description = "Node.js virtual environment builder"
optional = false
python-versions = "!=3.0.*,!=3.1.*,!=3.2.*,!=3.3.*,!=3.4.*,!=3.5.*,!=3.6.*,>=2.7"
groups = ["dev"]
files = [
    {file = "nodeenv-1.9.1-py2.py3-none-any.whl", hash = "sha256:ba11c9782d29c27c70ffbdda2d7415098754709be8a7056d79a737cd901155c9"},
    {file = "nodeenv-1.9.1.tar.gz", hash = "sha256:6ec12890a2dab7946721edbfbcd91f3319c6ccc9aec47be7c7e6b7011ee6645f"},
]

[[package]]
name = "pastel"
version = "0.2.1"
description = "Bring colors to your terminal."
optional = false
python-versions = ">=2.7, !=3.0.*, !=3.1.*, !=3.2.*, !=3.3.*"
groups = ["dev"]
files = [
    {file = "pastel-0.2.1-py2.py3-none-any.whl", hash = "sha256:4349225fcdf6c2bb34d483e523475de5bb04a5c10ef711263452cb37d7dd4364"},
    {file = "pastel-0.2.1.tar.gz", hash = "sha256:e6581ac04e973cac858828c6202c1e1e81fee1dc7de7683f3e1ffe0bfd8a573d"},
]

[[package]]
name = "poethepoet"
version = "0.36.0"
description = "A task runner that works well with poetry and uv."
optional = false
python-versions = ">=3.9"
groups = ["dev"]
files = [
    {file = "poethepoet-0.36.0-py3-none-any.whl", hash = "sha256:693e3c1eae9f6731d3613c3c0c40f747d3c5c68a375beda42e590a63c5623308"},
    {file = "poethepoet-0.36.0.tar.gz", hash = "sha256:2217b49cb4e4c64af0b42ff8c4814b17f02e107d38bc461542517348ede25663"},
]

[package.dependencies]
pastel = ">=0.2.1,<0.3.0"
pyyaml = ">=6.0.2,<7.0"

[package.extras]
poetry-plugin = ["poetry (>=1.2.0,<3.0.0) ; python_version < \"4.0\""]

[[package]]
name = "psutil"
version = "5.9.8"
description = "Cross-platform lib for process and system monitoring in Python."
optional = false
python-versions = ">=2.7, !=3.0.*, !=3.1.*, !=3.2.*, !=3.3.*, !=3.4.*, !=3.5.*"
groups = ["main"]
files = [
    {file = "psutil-5.9.8-cp27-cp27m-macosx_10_9_x86_64.whl", hash = "sha256:26bd09967ae00920df88e0352a91cff1a78f8d69b3ecabbfe733610c0af486c8"},
    {file = "psutil-5.9.8-cp27-cp27m-manylinux2010_i686.whl", hash = "sha256:05806de88103b25903dff19bb6692bd2e714ccf9e668d050d144012055cbca73"},
    {file = "psutil-5.9.8-cp27-cp27m-manylinux2010_x86_64.whl", hash = "sha256:611052c4bc70432ec770d5d54f64206aa7203a101ec273a0cd82418c86503bb7"},
    {file = "psutil-5.9.8-cp27-cp27mu-manylinux2010_i686.whl", hash = "sha256:50187900d73c1381ba1454cf40308c2bf6f34268518b3f36a9b663ca87e65e36"},
    {file = "psutil-5.9.8-cp27-cp27mu-manylinux2010_x86_64.whl", hash = "sha256:02615ed8c5ea222323408ceba16c60e99c3f91639b07da6373fb7e6539abc56d"},
    {file = "psutil-5.9.8-cp27-none-win32.whl", hash = "sha256:36f435891adb138ed3c9e58c6af3e2e6ca9ac2f365efe1f9cfef2794e6c93b4e"},
    {file = "psutil-5.9.8-cp27-none-win_amd64.whl", hash = "sha256:bd1184ceb3f87651a67b2708d4c3338e9b10c5df903f2e3776b62303b26cb631"},
    {file = "psutil-5.9.8-cp36-abi3-macosx_10_9_x86_64.whl", hash = "sha256:aee678c8720623dc456fa20659af736241f575d79429a0e5e9cf88ae0605cc81"},
    {file = "psutil-5.9.8-cp36-abi3-manylinux_2_12_i686.manylinux2010_i686.manylinux_2_17_i686.manylinux2014_i686.whl", hash = "sha256:8cb6403ce6d8e047495a701dc7c5bd788add903f8986d523e3e20b98b733e421"},
    {file = "psutil-5.9.8-cp36-abi3-manylinux_2_12_x86_64.manylinux2010_x86_64.manylinux_2_17_x86_64.manylinux2014_x86_64.whl", hash = "sha256:d06016f7f8625a1825ba3732081d77c94589dca78b7a3fc072194851e88461a4"},
    {file = "psutil-5.9.8-cp36-cp36m-win32.whl", hash = "sha256:7d79560ad97af658a0f6adfef8b834b53f64746d45b403f225b85c5c2c140eee"},
    {file = "psutil-5.9.8-cp36-cp36m-win_amd64.whl", hash = "sha256:27cc40c3493bb10de1be4b3f07cae4c010ce715290a5be22b98493509c6299e2"},
    {file = "psutil-5.9.8-cp37-abi3-win32.whl", hash = "sha256:bc56c2a1b0d15aa3eaa5a60c9f3f8e3e565303b465dbf57a1b730e7a2b9844e0"},
    {file = "psutil-5.9.8-cp37-abi3-win_amd64.whl", hash = "sha256:8db4c1b57507eef143a15a6884ca10f7c73876cdf5d51e713151c1236a0e68cf"},
    {file = "psutil-5.9.8-cp38-abi3-macosx_11_0_arm64.whl", hash = "sha256:d16bbddf0693323b8c6123dd804100241da461e41d6e332fb0ba6058f630f8c8"},
    {file = "psutil-5.9.8.tar.gz", hash = "sha256:6be126e3225486dff286a8fb9a06246a5253f4c7c53b475ea5f5ac934e64194c"},
]

[package.extras]
test = ["enum34 ; python_version <= \"3.4\"", "ipaddress ; python_version < \"3.0\"", "mock ; python_version < \"3.0\"", "pywin32 ; sys_platform == \"win32\"", "wmi ; sys_platform == \"win32\""]

[[package]]
name = "pyqt6"
version = "6.7.0"
description = "Python bindings for the Qt cross platform application toolkit"
optional = false
python-versions = ">=3.8"
groups = ["main", "dev"]
files = [
    {file = "PyQt6-6.7.0-1-cp38-abi3-macosx_10_14_universal2.whl", hash = "sha256:656734112853fde1be0963f0ad362e5efd87ba6c6ff234cb1f9fe8003ee254e6"},
    {file = "PyQt6-6.7.0-1-cp38-abi3-manylinux_2_28_x86_64.whl", hash = "sha256:fa2d27fc2f5340f3f1e145c815101ef4550771a9e4bfafd4c7c2479fe83d9488"},
    {file = "PyQt6-6.7.0-1-cp38-abi3-win_amd64.whl", hash = "sha256:6a1f6dfe03752f888b5e628c208f9fd1a03bda7ebda59ffed8c13580289a1892"},
    {file = "PyQt6-6.7.0-cp38-abi3-macosx_10_14_universal2.whl", hash = "sha256:919ffb01020ece42209228bf94b4f2c156a6b77cc5a69a90a05e358b0333750b"},
    {file = "PyQt6-6.7.0-cp38-abi3-manylinux_2_28_x86_64.whl", hash = "sha256:e294f025f94493ee12b66efd6893fab309c9063172bb8a5b184f84dfc1ebcc49"},
    {file = "PyQt6-6.7.0-cp38-abi3-win_amd64.whl", hash = "sha256:9d8865fb6357dba032002c4554a9648e88f2b4706c929cc51fba58edafad91fc"},
    {file = "PyQt6-6.7.0.tar.gz", hash = "sha256:3d31b2c59dc378ee26e16586d9469842483588142fc377280aad22aaf2fa6235"},
]

[package.dependencies]
PyQt6-Qt6 = ">=6.7.0,<6.8.0"
PyQt6-sip = ">=13.6,<14"

[[package]]
name = "pyqt6-qt6"
version = "6.7.3"
description = "The subset of a Qt installation needed by PyQt6."
optional = false
python-versions = "*"
groups = ["main", "dev"]
files = [
    {file = "PyQt6_Qt6-6.7.3-py3-none-macosx_10_14_x86_64.whl", hash = "sha256:f517a93b6b1a814d4aa6587adc312e812ebaf4d70415bb15cfb44268c5ad3f5f"},
    {file = "PyQt6_Qt6-6.7.3-py3-none-macosx_11_0_arm64.whl", hash = "sha256:8551732984fb36a5f4f3db51eafc4e8e6caf18617365830285306f2db17a94c2"},
    {file = "PyQt6_Qt6-6.7.3-py3-none-manylinux_2_28_aarch64.whl", hash = "sha256:50c7482bcdcf2bb78af257fb10ed8b582f8daf91d829782393bc50ac5a0a900c"},
    {file = "PyQt6_Qt6-6.7.3-py3-none-manylinux_2_28_x86_64.whl", hash = "sha256:cb525fdd393332de60887953029276a44de480fce1d785251ae639580f5e7246"},
    {file = "PyQt6_Qt6-6.7.3-py3-none-win_amd64.whl", hash = "sha256:36ea0892b8caeb983af3f285f45fb8dfbb93cfd972439f4e01b7efb2868f6230"},
]

[[package]]
name = "pyqt6-sip"
version = "13.10.2"
description = "The sip module support for PyQt6"
optional = false
python-versions = ">=3.9"
groups = ["main", "dev"]
files = [
    {file = "pyqt6_sip-13.10.2-cp310-cp310-macosx_10_9_universal2.whl", hash = "sha256:8132ec1cbbecc69d23dcff23916ec07218f1a9bbbc243bf6f1df967117ce303e"},
    {file = "pyqt6_sip-13.10.2-cp310-cp310-manylinux_2_17_aarch64.manylinux2014_aarch64.whl", hash = "sha256:07f77e89d93747dda71b60c3490b00d754451729fbcbcec840e42084bf061655"},
    {file = "pyqt6_sip-13.10.2-cp310-cp310-manylinux_2_5_x86_64.manylinux1_x86_64.whl", hash = "sha256:4ffa71ddff6ef031d52cd4f88b8bba08b3516313c023c7e5825cf4a0ba598712"},
    {file = "pyqt6_sip-13.10.2-cp310-cp310-win_amd64.whl", hash = "sha256:e907394795e61f1174134465c889177f584336a98d7a10beade2437bf5942244"},
    {file = "pyqt6_sip-13.10.2-cp311-cp311-macosx_10_9_universal2.whl", hash = "sha256:1a6c2f168773af9e6c7ef5e52907f16297d4efd346e4c958eda54ea9135be18e"},
    {file = "pyqt6_sip-13.10.2-cp311-cp311-manylinux_2_17_aarch64.manylinux2014_aarch64.whl", hash = "sha256:b1d3cc9015a1bd8c8d3e86a009591e897d4d46b0c514aede7d2970a2208749cd"},
    {file = "pyqt6_sip-13.10.2-cp311-cp311-manylinux_2_5_x86_64.manylinux1_x86_64.whl", hash = "sha256:ddd578a8d975bfb5fef83751829bf09a97a1355fa1de098e4fb4d1b74ee872fc"},
    {file = "pyqt6_sip-13.10.2-cp311-cp311-win_amd64.whl", hash = "sha256:061d4a2eb60a603d8be7db6c7f27eb29d9cea97a09aa4533edc1662091ce4f03"},
    {file = "pyqt6_sip-13.10.2-cp311-cp311-win_arm64.whl", hash = "sha256:45ac06f0380b7aa4fcffd89f9e8c00d1b575dc700c603446a9774fda2dcfc0de"},
    {file = "pyqt6_sip-13.10.2-cp312-cp312-macosx_10_9_universal2.whl", hash = "sha256:83e6a56d3e715f748557460600ec342cbd77af89ec89c4f2a68b185fa14ea46c"},
    {file = "pyqt6_sip-13.10.2-cp312-cp312-manylinux_2_17_aarch64.manylinux2014_aarch64.whl", hash = "sha256:4ccf197f8fa410e076936bee28ad9abadb450931d5be5625446fd20e0d8b27a6"},
    {file = "pyqt6_sip-13.10.2-cp312-cp312-manylinux_2_5_x86_64.manylinux1_x86_64.whl", hash = "sha256:37af463dcce39285e686d49523d376994d8a2508b9acccb7616c4b117c9c4ed7"},
    {file = "pyqt6_sip-13.10.2-cp312-cp312-win_amd64.whl", hash = "sha256:c7b34a495b92790c70eae690d9e816b53d3b625b45eeed6ae2c0fe24075a237e"},
    {file = "pyqt6_sip-13.10.2-cp312-cp312-win_arm64.whl", hash = "sha256:c80cc059d772c632f5319632f183e7578cd0976b9498682833035b18a3483e92"},
    {file = "pyqt6_sip-13.10.2-cp313-cp313-macosx_10_13_universal2.whl", hash = "sha256:8b5d06a0eac36038fa8734657d99b5fe92263ae7a0cd0a67be6acfe220a063e1"},
    {file = "pyqt6_sip-13.10.2-cp313-cp313-manylinux_2_17_aarch64.manylinux2014_aarch64.whl", hash = "sha256:ad376a6078da37b049fdf9d6637d71b52727e65c4496a80b753ddc8d27526aca"},
    {file = "pyqt6_sip-13.10.2-cp313-cp313-manylinux_2_5_x86_64.manylinux1_x86_64.whl", hash = "sha256:3dde8024d055f496eba7d44061c5a1ba4eb72fc95e5a9d7a0dbc908317e0888b"},
    {file = "pyqt6_sip-13.10.2-cp313-cp313-win_amd64.whl", hash = "sha256:0b097eb58b4df936c4a2a88a2f367c8bb5c20ff049a45a7917ad75d698e3b277"},
    {file = "pyqt6_sip-13.10.2-cp313-cp313-win_arm64.whl", hash = "sha256:cc6a1dfdf324efaac6e7b890a608385205e652845c62130de919fd73a6326244"},
    {file = "pyqt6_sip-13.10.2-cp314-cp314-macosx_10_15_universal2.whl", hash = "sha256:8a76a06a8e5c5b1f17a3f6f3c834ca324877e07b960b18b8b9bbfd9c536ec658"},
    {file = "pyqt6_sip-13.10.2-cp314-cp314-manylinux_2_17_aarch64.manylinux2014_aarch64.whl", hash = "sha256:9128d770a611200529468397d710bc972f1dcfe12bfcbb09a3ccddcd4d54fa5b"},
    {file = "pyqt6_sip-13.10.2-cp314-cp314-manylinux_2_5_x86_64.manylinux1_x86_64.whl", hash = "sha256:d820a0fae7315932c08f27dc0a7e33e0f50fe351001601a8eb9cf6f22b04562e"},
    {file = "pyqt6_sip-13.10.2-cp314-cp314-win_amd64.whl", hash = "sha256:3213bb6e102d3842a3bb7e59d5f6e55f176c80880ff0b39d0dac0cfe58313fb3"},
    {file = "pyqt6_sip-13.10.2-cp314-cp314-win_arm64.whl", hash = "sha256:ce33ff1f94960ad4b08035e39fa0c3c9a67070bec39ffe3e435c792721504726"},
    {file = "pyqt6_sip-13.10.2-cp39-cp39-macosx_10_9_universal2.whl", hash = "sha256:38b5823dca93377f8a4efac3cbfaa1d20229aa5b640c31cf6ebbe5c586333808"},
    {file = "pyqt6_sip-13.10.2-cp39-cp39-manylinux_2_17_aarch64.manylinux2014_aarch64.whl", hash = "sha256:5506b9a795098df3b023cc7d0a37f93d3224a9c040c43804d4bc06e0b2b742b0"},
    {file = "pyqt6_sip-13.10.2-cp39-cp39-manylinux_2_5_x86_64.manylinux1_x86_64.whl", hash = "sha256:e455a181d45a28ee8d18d42243d4f470d269e6ccdee60f2546e6e71218e05bb4"},
    {file = "pyqt6_sip-13.10.2-cp39-cp39-win_amd64.whl", hash = "sha256:9c67ed66e21b11e04ffabe0d93bc21df22e0a5d7e2e10ebc8c1d77d2f5042991"},
    {file = "pyqt6_sip-13.10.2.tar.gz", hash = "sha256:464ad156bf526500ce6bd05cac7a82280af6309974d816739b4a9a627156fafe"},
]

[[package]]
name = "pyright"
version = "1.1.406"
description = "Command line wrapper for pyright"
optional = false
python-versions = ">=3.7"
groups = ["dev"]
files = [
    {file = "pyright-1.1.406-py3-none-any.whl", hash = "sha256:1d81fb43c2407bf566e97e57abb01c811973fdb21b2df8df59f870f688bdca71"},
    {file = "pyright-1.1.406.tar.gz", hash = "sha256:c4872bc58c9643dac09e8a2e74d472c62036910b3bd37a32813989ef7576ea2c"},
]

[package.dependencies]
nodeenv = ">=1.6.0"
typing-extensions = ">=4.1"

[package.extras]
all = ["nodejs-wheel-binaries", "twine (>=3.4.1)"]
dev = ["twine (>=3.4.1)"]
nodejs = ["nodejs-wheel-binaries"]

[[package]]
name = "pyyaml"
version = "6.0.3"
description = "YAML parser and emitter for Python"
optional = false
python-versions = ">=3.8"
groups = ["main", "dev"]
files = [
    {file = "PyYAML-6.0.3-cp38-cp38-macosx_10_13_x86_64.whl", hash = "sha256:c2514fceb77bc5e7a2f7adfaa1feb2fb311607c9cb518dbc378688ec73d8292f"},
    {file = "PyYAML-6.0.3-cp38-cp38-manylinux2014_aarch64.manylinux_2_17_aarch64.manylinux_2_28_aarch64.whl", hash = "sha256:9c57bb8c96f6d1808c030b1687b9b5fb476abaa47f0db9c0101f5e9f394e97f4"},
    {file = "PyYAML-6.0.3-cp38-cp38-manylinux2014_s390x.manylinux_2_17_s390x.manylinux_2_28_s390x.whl", hash = "sha256:efd7b85f94a6f21e4932043973a7ba2613b059c4a000551892ac9f1d11f5baf3"},
    {file = "PyYAML-6.0.3-cp38-cp38-manylinux2014_x86_64.manylinux_2_17_x86_64.manylinux_2_28_x86_64.whl", hash = "sha256:22ba7cfcad58ef3ecddc7ed1db3409af68d023b7f940da23c6c2a1890976eda6"},
    {file = "PyYAML-6.0.3-cp38-cp38-musllinux_1_2_x86_64.whl", hash = "sha256:6344df0d5755a2c9a276d4473ae6b90647e216ab4757f8426893b5dd2ac3f369"},
    {file = "PyYAML-6.0.3-cp38-cp38-win32.whl", hash = "sha256:3ff07ec89bae51176c0549bc4c63aa6202991da2d9a6129d7aef7f1407d3f295"},
    {file = "PyYAML-6.0.3-cp38-cp38-win_amd64.whl", hash = "sha256:5cf4e27da7e3fbed4d6c3d8e797387aaad68102272f8f9752883bc32d61cb87b"},
    {file = "pyyaml-6.0.3-cp310-cp310-macosx_10_13_x86_64.whl", hash = "sha256:214ed4befebe12df36bcc8bc2b64b396ca31be9304b8f59e25c11cf94a4c033b"},
    {file = "pyyaml-6.0.3-cp310-cp310-macosx_11_0_arm64.whl", hash = "sha256:02ea2dfa234451bbb8772601d7b8e426c2bfa197136796224e50e35a78777956"},
    {file = "pyyaml-6.0.3-cp310-cp310-manylinux2014_aarch64.manylinux_2_17_aarch64.manylinux_2_28_aarch64.whl", hash = "sha256:b30236e45cf30d2b8e7b3e85881719e98507abed1011bf463a8fa23e9c3e98a8"},
    {file = "pyyaml-6.0.3-cp310-cp310-manylinux2014_s390x.manylinux_2_17_s390x.manylinux_2_28_s390x.whl", hash = "sha256:66291b10affd76d76f54fad28e22e51719ef9ba22b29e1d7d03d6777a9174198"},
    {file = "pyyaml-6.0.3-cp310-cp310-manylinux2014_x86_64.manylinux_2_17_x86_64.manylinux_2_28_x86_64.whl", hash = "sha256:9c7708761fccb9397fe64bbc0395abcae8c4bf7b0eac081e12b809bf47700d0b"},
    {file = "pyyaml-6.0.3-cp310-cp310-musllinux_1_2_aarch64.whl", hash = "sha256:418cf3f2111bc80e0933b2cd8cd04f286338bb88bdc7bc8e6dd775ebde60b5e0"},
    {file = "pyyaml-6.0.3-cp310-cp310-musllinux_1_2_x86_64.whl", hash = "sha256:5e0b74767e5f8c593e8c9b5912019159ed0533c70051e9cce3e8b6aa699fcd69"},
    {file = "pyyaml-6.0.3-cp310-cp310-win32.whl", hash = "sha256:28c8d926f98f432f88adc23edf2e6d4921ac26fb084b028c733d01868d19007e"},
    {file = "pyyaml-6.0.3-cp310-cp310-win_amd64.whl", hash = "sha256:bdb2c67c6c1390b63c6ff89f210c8fd09d9a1217a465701eac7316313c915e4c"},
    {file = "pyyaml-6.0.3-cp311-cp311-macosx_10_13_x86_64.whl", hash = "sha256:44edc647873928551a01e7a563d7452ccdebee747728c1080d881d68af7b997e"},
    {file = "pyyaml-6.0.3-cp311-cp311-macosx_11_0_arm64.whl", hash = "sha256:652cb6edd41e718550aad172851962662ff2681490a8a711af6a4d288dd96824"},
    {file = "pyyaml-6.0.3-cp311-cp311-manylinux2014_aarch64.manylinux_2_17_aarch64.manylinux_2_28_aarch64.whl", hash = "sha256:10892704fc220243f5305762e276552a0395f7beb4dbf9b14ec8fd43b57f126c"},
    {file = "pyyaml-6.0.3-cp311-cp311-manylinux2014_s390x.manylinux_2_17_s390x.manylinux_2_28_s390x.whl", hash = "sha256:850774a7879607d3a6f50d36d04f00ee69e7fc816450e5f7e58d7f17f1ae5c00"},
    {file = "pyyaml-6.0.3-cp311-cp311-manylinux2014_x86_64.manylinux_2_17_x86_64.manylinux_2_28_x86_64.whl", hash = "sha256:b8bb0864c5a28024fac8a632c443c87c5aa6f215c0b126c449ae1a150412f31d"},
    {file = "pyyaml-6.0.3-cp311-cp311-musllinux_1_2_aarch64.whl", hash = "sha256:1d37d57ad971609cf3c53ba6a7e365e40660e3be0e5175fa9f2365a379d6095a"},
    {file = "pyyaml-6.0.3-cp311-cp311-musllinux_1_2_x86_64.whl", hash = "sha256:37503bfbfc9d2c40b344d06b2199cf0e96e97957ab1c1b546fd4f87e53e5d3e4"},
    {file = "pyyaml-6.0.3-cp311-cp311-win32.whl", hash = "sha256:8098f252adfa6c80ab48096053f512f2321f0b998f98150cea9bd23d83e1467b"},
    {file = "pyyaml-6.0.3-cp311-cp311-win_amd64.whl", hash = "sha256:9f3bfb4965eb874431221a3ff3fdcddc7e74e3b07799e0e84ca4a0f867d449bf"},
    {file = "pyyaml-6.0.3-cp312-cp312-macosx_10_13_x86_64.whl", hash = "sha256:7f047e29dcae44602496db43be01ad42fc6f1cc0d8cd6c83d342306c32270196"},
    {file = "pyyaml-6.0.3-cp312-cp312-macosx_11_0_arm64.whl", hash = "sha256:fc09d0aa354569bc501d4e787133afc08552722d3ab34836a80547331bb5d4a0"},
    {file = "pyyaml-6.0.3-cp312-cp312-manylinux2014_aarch64.manylinux_2_17_aarch64.manylinux_2_28_aarch64.whl", hash = "sha256:9149cad251584d5fb4981be1ecde53a1ca46c891a79788c0df828d2f166bda28"},
    {file = "pyyaml-6.0.3-cp312-cp312-manylinux2014_s390x.manylinux_2_17_s390x.manylinux_2_28_s390x.whl", hash = "sha256:5fdec68f91a0c6739b380c83b951e2c72ac0197ace422360e6d5a959d8d97b2c"},
    {file = "pyyaml-6.0.3-cp312-cp312-manylinux2014_x86_64.manylinux_2_17_x86_64.manylinux_2_28_x86_64.whl", hash = "sha256:ba1cc08a7ccde2d2ec775841541641e4548226580ab850948cbfda66a1befcdc"},
    {file = "pyyaml-6.0.3-cp312-cp312-musllinux_1_2_aarch64.whl", hash = "sha256:8dc52c23056b9ddd46818a57b78404882310fb473d63f17b07d5c40421e47f8e"},
    {file = "pyyaml-6.0.3-cp312-cp312-musllinux_1_2_x86_64.whl", hash = "sha256:41715c910c881bc081f1e8872880d3c650acf13dfa8214bad49ed4cede7c34ea"},
    {file = "pyyaml-6.0.3-cp312-cp312-win32.whl", hash = "sha256:96b533f0e99f6579b3d4d4995707cf36df9100d67e0c8303a0c55b27b5f99bc5"},
    {file = "pyyaml-6.0.3-cp312-cp312-win_amd64.whl", hash = "sha256:5fcd34e47f6e0b794d17de1b4ff496c00986e1c83f7ab2fb8fcfe9616ff7477b"},
    {file = "pyyaml-6.0.3-cp312-cp312-win_arm64.whl", hash = "sha256:64386e5e707d03a7e172c0701abfb7e10f0fb753ee1d773128192742712a98fd"},
    {file = "pyyaml-6.0.3-cp313-cp313-macosx_10_13_x86_64.whl", hash = "sha256:8da9669d359f02c0b91ccc01cac4a67f16afec0dac22c2ad09f46bee0697eba8"},
    {file = "pyyaml-6.0.3-cp313-cp313-macosx_11_0_arm64.whl", hash = "sha256:2283a07e2c21a2aa78d9c4442724ec1eb15f5e42a723b99cb3d822d48f5f7ad1"},
    {file = "pyyaml-6.0.3-cp313-cp313-manylinux2014_aarch64.manylinux_2_17_aarch64.manylinux_2_28_aarch64.whl", hash = "sha256:ee2922902c45ae8ccada2c5b501ab86c36525b883eff4255313a253a3160861c"},
    {file = "pyyaml-6.0.3-cp313-cp313-manylinux2014_s390x.manylinux_2_17_s390x.manylinux_2_28_s390x.whl", hash = "sha256:a33284e20b78bd4a18c8c2282d549d10bc8408a2a7ff57653c0cf0b9be0afce5"},
    {file = "pyyaml-6.0.3-cp313-cp313-manylinux2014_x86_64.manylinux_2_17_x86_64.manylinux_2_28_x86_64.whl", hash = "sha256:0f29edc409a6392443abf94b9cf89ce99889a1dd5376d94316ae5145dfedd5d6"},
    {file = "pyyaml-6.0.3-cp313-cp313-musllinux_1_2_aarch64.whl", hash = "sha256:f7057c9a337546edc7973c0d3ba84ddcdf0daa14533c2065749c9075001090e6"},
    {file = "pyyaml-6.0.3-cp313-cp313-musllinux_1_2_x86_64.whl", hash = "sha256:eda16858a3cab07b80edaf74336ece1f986ba330fdb8ee0d6c0d68fe82bc96be"},
    {file = "pyyaml-6.0.3-cp313-cp313-win32.whl", hash = "sha256:d0eae10f8159e8fdad514efdc92d74fd8d682c933a6dd088030f3834bc8e6b26"},
    {file = "pyyaml-6.0.3-cp313-cp313-win_amd64.whl", hash = "sha256:79005a0d97d5ddabfeeea4cf676af11e647e41d81c9a7722a193022accdb6b7c"},
    {file = "pyyaml-6.0.3-cp313-cp313-win_arm64.whl", hash = "sha256:5498cd1645aa724a7c71c8f378eb29ebe23da2fc0d7a08071d89469bf1d2defb"},
    {file = "pyyaml-6.0.3-cp314-cp314-macosx_10_13_x86_64.whl", hash = "sha256:8d1fab6bb153a416f9aeb4b8763bc0f22a5586065f86f7664fc23339fc1c1fac"},
    {file = "pyyaml-6.0.3-cp314-cp314-macosx_11_0_arm64.whl", hash = "sha256:34d5fcd24b8445fadc33f9cf348c1047101756fd760b4dacb5c3e99755703310"},
    {file = "pyyaml-6.0.3-cp314-cp314-manylinux2014_aarch64.manylinux_2_17_aarch64.manylinux_2_28_aarch64.whl", hash = "sha256:501a031947e3a9025ed4405a168e6ef5ae3126c59f90ce0cd6f2bfc477be31b7"},
    {file = "pyyaml-6.0.3-cp314-cp314-manylinux2014_s390x.manylinux_2_17_s390x.manylinux_2_28_s390x.whl", hash = "sha256:b3bc83488de33889877a0f2543ade9f70c67d66d9ebb4ac959502e12de895788"},
    {file = "pyyaml-6.0.3-cp314-cp314-manylinux2014_x86_64.manylinux_2_17_x86_64.manylinux_2_28_x86_64.whl", hash = "sha256:c458b6d084f9b935061bc36216e8a69a7e293a2f1e68bf956dcd9e6cbcd143f5"},
    {file = "pyyaml-6.0.3-cp314-cp314-musllinux_1_2_aarch64.whl", hash = "sha256:7c6610def4f163542a622a73fb39f534f8c101d690126992300bf3207eab9764"},
    {file = "pyyaml-6.0.3-cp314-cp314-musllinux_1_2_x86_64.whl", hash = "sha256:5190d403f121660ce8d1d2c1bb2ef1bd05b5f68533fc5c2ea899bd15f4399b35"},
    {file = "pyyaml-6.0.3-cp314-cp314-win_amd64.whl", hash = "sha256:4a2e8cebe2ff6ab7d1050ecd59c25d4c8bd7e6f400f5f82b96557ac0abafd0ac"},
    {file = "pyyaml-6.0.3-cp314-cp314-win_arm64.whl", hash = "sha256:93dda82c9c22deb0a405ea4dc5f2d0cda384168e466364dec6255b293923b2f3"},
    {file = "pyyaml-6.0.3-cp314-cp314t-macosx_10_13_x86_64.whl", hash = "sha256:02893d100e99e03eda1c8fd5c441d8c60103fd175728e23e431db1b589cf5ab3"},
    {file = "pyyaml-6.0.3-cp314-cp314t-macosx_11_0_arm64.whl", hash = "sha256:c1ff362665ae507275af2853520967820d9124984e0f7466736aea23d8611fba"},
    {file = "pyyaml-6.0.3-cp314-cp314t-manylinux2014_aarch64.manylinux_2_17_aarch64.manylinux_2_28_aarch64.whl", hash = "sha256:6adc77889b628398debc7b65c073bcb99c4a0237b248cacaf3fe8a557563ef6c"},
    {file = "pyyaml-6.0.3-cp314-cp314t-manylinux2014_s390x.manylinux_2_17_s390x.manylinux_2_28_s390x.whl", hash = "sha256:a80cb027f6b349846a3bf6d73b5e95e782175e52f22108cfa17876aaeff93702"},
    {file = "pyyaml-6.0.3-cp314-cp314t-manylinux2014_x86_64.manylinux_2_17_x86_64.manylinux_2_28_x86_64.whl", hash = "sha256:00c4bdeba853cc34e7dd471f16b4114f4162dc03e6b7afcc2128711f0eca823c"},
    {file = "pyyaml-6.0.3-cp314-cp314t-musllinux_1_2_aarch64.whl", hash = "sha256:66e1674c3ef6f541c35191caae2d429b967b99e02040f5ba928632d9a7f0f065"},
    {file = "pyyaml-6.0.3-cp314-cp314t-musllinux_1_2_x86_64.whl", hash = "sha256:16249ee61e95f858e83976573de0f5b2893b3677ba71c9dd36b9cf8be9ac6d65"},
    {file = "pyyaml-6.0.3-cp314-cp314t-win_amd64.whl", hash = "sha256:4ad1906908f2f5ae4e5a8ddfce73c320c2a1429ec52eafd27138b7f1cbe341c9"},
    {file = "pyyaml-6.0.3-cp314-cp314t-win_arm64.whl", hash = "sha256:ebc55a14a21cb14062aa4162f906cd962b28e2e9ea38f9b4391244cd8de4ae0b"},
    {file = "pyyaml-6.0.3-cp39-cp39-macosx_10_13_x86_64.whl", hash = "sha256:b865addae83924361678b652338317d1bd7e79b1f4596f96b96c77a5a34b34da"},
    {file = "pyyaml-6.0.3-cp39-cp39-macosx_11_0_arm64.whl", hash = "sha256:c3355370a2c156cffb25e876646f149d5d68f5e0a3ce86a5084dd0b64a994917"},
    {file = "pyyaml-6.0.3-cp39-cp39-manylinux2014_aarch64.manylinux_2_17_aarch64.manylinux_2_28_aarch64.whl", hash = "sha256:3c5677e12444c15717b902a5798264fa7909e41153cdf9ef7ad571b704a63dd9"},
    {file = "pyyaml-6.0.3-cp39-cp39-manylinux2014_s390x.manylinux_2_17_s390x.manylinux_2_28_s390x.whl", hash = "sha256:5ed875a24292240029e4483f9d4a4b8a1ae08843b9c54f43fcc11e404532a8a5"},
    {file = "pyyaml-6.0.3-cp39-cp39-manylinux2014_x86_64.manylinux_2_17_x86_64.manylinux_2_28_x86_64.whl", hash = "sha256:0150219816b6a1fa26fb4699fb7daa9caf09eb1999f3b70fb6e786805e80375a"},
    {file = "pyyaml-6.0.3-cp39-cp39-musllinux_1_2_aarch64.whl", hash = "sha256:fa160448684b4e94d80416c0fa4aac48967a969efe22931448d853ada8baf926"},
    {file = "pyyaml-6.0.3-cp39-cp39-musllinux_1_2_x86_64.whl", hash = "sha256:27c0abcb4a5dac13684a37f76e701e054692a9b2d3064b70f5e4eb54810553d7"},
    {file = "pyyaml-6.0.3-cp39-cp39-win32.whl", hash = "sha256:1ebe39cb5fc479422b83de611d14e2c0d3bb2a18bbcb01f229ab3cfbd8fee7a0"},
    {file = "pyyaml-6.0.3-cp39-cp39-win_amd64.whl", hash = "sha256:2e71d11abed7344e42a8849600193d15b6def118602c4c176f748e4583246007"},
    {file = "pyyaml-6.0.3.tar.gz", hash = "sha256:d76623373421df22fb4cf8817020cbb7ef15c725b9d5e45f17e189bfc384190f"},
]

[[package]]
name = "ruff"
version = "0.12.12"
description = "An extremely fast Python linter and code formatter, written in Rust."
optional = false
python-versions = ">=3.7"
groups = ["dev"]
files = [
    {file = "ruff-0.12.12-py3-none-linux_armv6l.whl", hash = "sha256:de1c4b916d98ab289818e55ce481e2cacfaad7710b01d1f990c497edf217dafc"},
    {file = "ruff-0.12.12-py3-none-macosx_10_12_x86_64.whl", hash = "sha256:7acd6045e87fac75a0b0cdedacf9ab3e1ad9d929d149785903cff9bb69ad9727"},
    {file = "ruff-0.12.12-py3-none-macosx_11_0_arm64.whl", hash = "sha256:abf4073688d7d6da16611f2f126be86523a8ec4343d15d276c614bda8ec44edb"},
    {file = "ruff-0.12.12-py3-none-manylinux_2_17_aarch64.manylinux2014_aarch64.whl", hash = "sha256:968e77094b1d7a576992ac078557d1439df678a34c6fe02fd979f973af167577"},
    {file = "ruff-0.12.12-py3-none-manylinux_2_17_armv7l.manylinux2014_armv7l.whl", hash = "sha256:42a67d16e5b1ffc6d21c5f67851e0e769517fb57a8ebad1d0781b30888aa704e"},
    {file = "ruff-0.12.12-py3-none-manylinux_2_17_i686.manylinux2014_i686.whl", hash = "sha256:b216ec0a0674e4b1214dcc998a5088e54eaf39417327b19ffefba1c4a1e4971e"},
    {file = "ruff-0.12.12-py3-none-manylinux_2_17_ppc64.manylinux2014_ppc64.whl", hash = "sha256:59f909c0fdd8f1dcdbfed0b9569b8bf428cf144bec87d9de298dcd4723f5bee8"},
    {file = "ruff-0.12.12-py3-none-manylinux_2_17_ppc64le.manylinux2014_ppc64le.whl", hash = "sha256:9ac93d87047e765336f0c18eacad51dad0c1c33c9df7484c40f98e1d773876f5"},
    {file = "ruff-0.12.12-py3-none-manylinux_2_17_s390x.manylinux2014_s390x.whl", hash = "sha256:01543c137fd3650d322922e8b14cc133b8ea734617c4891c5a9fccf4bfc9aa92"},
    {file = "ruff-0.12.12-py3-none-manylinux_2_17_x86_64.manylinux2014_x86_64.whl", hash = "sha256:2afc2fa864197634e549d87fb1e7b6feb01df0a80fd510d6489e1ce8c0b1cc45"},
    {file = "ruff-0.12.12-py3-none-manylinux_2_31_riscv64.whl", hash = "sha256:0c0945246f5ad776cb8925e36af2438e66188d2b57d9cf2eed2c382c58b371e5"},
    {file = "ruff-0.12.12-py3-none-musllinux_1_2_aarch64.whl", hash = "sha256:a0fbafe8c58e37aae28b84a80ba1817f2ea552e9450156018a478bf1fa80f4e4"},
    {file = "ruff-0.12.12-py3-none-musllinux_1_2_armv7l.whl", hash = "sha256:b9c456fb2fc8e1282affa932c9e40f5ec31ec9cbb66751a316bd131273b57c23"},
    {file = "ruff-0.12.12-py3-none-musllinux_1_2_i686.whl", hash = "sha256:5f12856123b0ad0147d90b3961f5c90e7427f9acd4b40050705499c98983f489"},
    {file = "ruff-0.12.12-py3-none-musllinux_1_2_x86_64.whl", hash = "sha256:26a1b5a2bf7dd2c47e3b46d077cd9c0fc3b93e6c6cc9ed750bd312ae9dc302ee"},
    {file = "ruff-0.12.12-py3-none-win32.whl", hash = "sha256:173be2bfc142af07a01e3a759aba6f7791aa47acf3604f610b1c36db888df7b1"},
    {file = "ruff-0.12.12-py3-none-win_amd64.whl", hash = "sha256:e99620bf01884e5f38611934c09dd194eb665b0109104acae3ba6102b600fd0d"},
    {file = "ruff-0.12.12-py3-none-win_arm64.whl", hash = "sha256:2a8199cab4ce4d72d158319b63370abf60991495fb733db96cd923a34c52d093"},
    {file = "ruff-0.12.12.tar.gz", hash = "sha256:b86cd3415dbe31b3b46a71c598f4c4b2f550346d1ccf6326b347cc0c8fd063d6"},
]

[[package]]
name = "types-psutil"
version = "5.9.5.20240516"
description = "Typing stubs for psutil"
optional = false
python-versions = ">=3.8"
groups = ["dev"]
files = [
    {file = "types-psutil-5.9.5.20240516.tar.gz", hash = "sha256:bb296f59fc56458891d0feb1994717e548a1bcf89936a2877df8792b822b4696"},
    {file = "types_psutil-5.9.5.20240516-py3-none-any.whl", hash = "sha256:83146ded949a10167d9895e567b3b71e53ebc5e23fd8363eab62b3c76cce7b89"},
]

[[package]]
name = "typing-extensions"
version = "4.15.0"
description = "Backported and Experimental Type Hints for Python 3.9+"
optional = false
python-versions = ">=3.9"
groups = ["dev"]
files = [
    {file = "typing_extensions-4.15.0-py3-none-any.whl", hash = "sha256:f0fa19c6845758ab08074a0cfa8b7aecb71c999ca73d62883bc25cc018c4e548"},
    {file = "typing_extensions-4.15.0.tar.gz", hash = "sha256:0cea48d173cc12fa28ecabc3b837ea3cf6f38c6d1136f85cbaaf598984861466"},
]

[[package]]
name = "vdf"
version = "3.4"
description = "Library for working with Valve's VDF text format"
optional = false
python-versions = "*"
groups = ["main"]
files = [
    {file = "vdf-3.4-py2.py3-none-any.whl", hash = "sha256:68c1a125cc49e343d535af2dd25074e9cb0908c6607f073947c4a04bbe234534"},
    {file = "vdf-3.4.tar.gz", hash = "sha256:fd5419f41e07a1009e5ffd027c7dcbe43d1f7e8ef453aeaa90d9d04b807de2af"},
]

[metadata]
lock-version = "2.1"
python-versions = ">=3.12,<4.0"
content-hash = "8a4eabd7a7ad65955b2e48aeb34dacd87cb548f303823e993999465db816bd44"
